github.com/nothappenhere/go-say-hello v1.0.0 h1:uQxvHRrJZMU1fqEP2vhX/XqE7b6ZnkkZSclCM6w/E14=
github.com/nothappenhere/go-say-hello v1.0.0/go.mod h1:9GR87y4llr9jPrnElLymxUvwEqxRNeQ88RlFtrU3xL8=
github.com/nothappenhere/go-say-hello v1.1.0 h1:PdGKdgwVF0Pdc1Ix6d+J69wFJQdG0c01j52uGY9TDcE=
github.com/nothappenhere/go-say-hello v1.1.0/go.mod h1:9GR87y4llr9jPrnElLymxUvwEqxRNeQ88RlFtrU3xL8=
github.com/nothappenhere/go-say-hello/v2 v2.0.0 h1:ZgiFPri1ODlTHCsPD6lYUI0rrplDimZyEblySMOVqz0=
github.com/nothappenhere/go-say-hello/v2 v2.0.0/go.mod h1:GdGpTok/4O0oJDLBmyiG43LkcS8yM84pzTJcFZsJd5I=
